{
  "name": "case-law-search",
  "lockfileVersion": 2,
  "requires": true,
  "dependencies": {
    "axios": {
      "version": "^1.3.4"
    },
    "react": {
      "version": "^18.2.0"
    },
    "react-dom": {
      "version": "^18.2.0"
    },
    "react-scripts": {
      "version": "5.0.1"
    },
    "serve": {
      "version": "^14.2.0"
    }
  }
}
